
Microsoft Visual Studio Solution File, Format Version 12.00
# Visual Studio Version 17
VisualStudioVersion = 17.0.31903.59
MinimumVisualStudioVersion = 10.0.40219.1
Project("{FAE04EC0-301F-11D3-BF4B-00C04F79EFBC}") = "MicroHack", "MicroHack.Api\MicroHack.csproj", "{81CDB3CA-5ADD-45B4-9927-1FB71051ED9B}"
EndProject
Project("{FAE04EC0-301F-11D3-BF4B-00C04F79EFBC}") = "MicroHack.Tests", "MicroHack.Tests\MicroHack.Tests.csproj", "{911B094F-9351-4989-96ED-330A4A4E6758}"
EndProject
Global
	GlobalSection(SolutionConfigurationPlatforms) = preSolution
		Debug|Any CPU = Debug|Any CPU
		Release|Any CPU = Release|Any CPU
	EndGlobalSection
	GlobalSection(SolutionProperties) = preSolution
		HideSolutionNode = FALSE
	EndGlobalSection
	GlobalSection(ProjectConfigurationPlatforms) = postSolution
		{81CDB3CA-5ADD-45B4-9927-1FB71051ED9B}.Debug|Any CPU.ActiveCfg = Debug|Any CPU
		{81CDB3CA-5ADD-45B4-9927-1FB71051ED9B}.Debug|Any CPU.Build.0 = Debug|Any CPU
		{81CDB3CA-5ADD-45B4-9927-1FB71051ED9B}.Release|Any CPU.ActiveCfg = Release|Any CPU
		{81CDB3CA-5ADD-45B4-9927-1FB71051ED9B}.Release|Any CPU.Build.0 = Release|Any CPU
		{911B094F-9351-4989-96ED-330A4A4E6758}.Debug|Any CPU.ActiveCfg = Debug|Any CPU
		{911B094F-9351-4989-96ED-330A4A4E6758}.Debug|Any CPU.Build.0 = Debug|Any CPU
		{911B094F-9351-4989-96ED-330A4A4E6758}.Release|Any CPU.ActiveCfg = Release|Any CPU
		{911B094F-9351-4989-96ED-330A4A4E6758}.Release|Any CPU.Build.0 = Release|Any CPU
	EndGlobalSection
EndGlobal
