
Microsoft Visual Studio Solution File, Format Version 12.00
# Visual Studio Version 17
VisualStudioVersion = 17.5.002.0
MinimumVisualStudioVersion = 10.0.40219.1
Project("{9A19103F-16F7-4668-BE54-9A1E7A4F7556}") = "MicroHack", "MicroHack.csproj", "{56B8EB0E-A88F-4A76-9CC6-C243EE25EC9C}"
EndProject
Global
	GlobalSection(SolutionConfigurationPlatforms) = preSolution
		Debug|Any CPU = Debug|Any CPU
		Release|Any CPU = Release|Any CPU
	EndGlobalSection
	GlobalSection(ProjectConfigurationPlatforms) = postSolution
		{56B8EB0E-A88F-4A76-9CC6-C243EE25EC9C}.Debug|Any CPU.ActiveCfg = Debug|Any CPU
		{56B8EB0E-A88F-4A76-9CC6-C243EE25EC9C}.Debug|Any CPU.Build.0 = Debug|Any CPU
		{56B8EB0E-A88F-4A76-9CC6-C243EE25EC9C}.Release|Any CPU.ActiveCfg = Release|Any CPU
		{56B8EB0E-A88F-4A76-9CC6-C243EE25EC9C}.Release|Any CPU.Build.0 = Release|Any CPU
	EndGlobalSection
	GlobalSection(SolutionProperties) = preSolution
		HideSolutionNode = FALSE
	EndGlobalSection
	GlobalSection(ExtensibilityGlobals) = postSolution
		SolutionGuid = {C74D7B99-3DA5-44BC-9A82-729F61C97A71}
	EndGlobalSection
EndGlobal
